
Microsoft Visual Studio Solution File, Format Version 12.00
# Visual Studio Version 17
VisualStudioVersion = 17.5.002.0
MinimumVisualStudioVersion = 10.0.40219.1
Project("{2150E333-8FDC-42A3-9474-1A3956D46DE8}") = "src", "src", "{6630AEBE-F057-47A3-8662-90EFF6B79A8A}"
EndProject
Project("{9A19103F-16F7-4668-BE54-9A1E7A4F7556}") = "SimpleHealthcheckApi", "src\SimpleHealthcheckApi\SimpleHealthcheckApi.csproj", "{D72445DA-2751-48FD-9454-E273BA21A781}"
EndProject
Global
	GlobalSection(SolutionConfigurationPlatforms) = preSolution
		Debug|Any CPU = Debug|Any CPU
		Release|Any CPU = Release|Any CPU
	EndGlobalSection
	GlobalSection(ProjectConfigurationPlatforms) = postSolution
		{D72445DA-2751-48FD-9454-E273BA21A781}.Debug|Any CPU.ActiveCfg = Debug|Any CPU
		{D72445DA-2751-48FD-9454-E273BA21A781}.Debug|Any CPU.Build.0 = Debug|Any CPU
		{D72445DA-2751-48FD-9454-E273BA21A781}.Release|Any CPU.ActiveCfg = Release|Any CPU
		{D72445DA-2751-48FD-9454-E273BA21A781}.Release|Any CPU.Build.0 = Release|Any CPU
	EndGlobalSection
	GlobalSection(SolutionProperties) = preSolution
		HideSolutionNode = FALSE
	EndGlobalSection
	GlobalSection(NestedProjects) = preSolution
		{D72445DA-2751-48FD-9454-E273BA21A781} = {6630AEBE-F057-47A3-8662-90EFF6B79A8A}
	EndGlobalSection
	GlobalSection(ExtensibilityGlobals) = postSolution
		SolutionGuid = {27C3883E-BBB6-4664-A6FE-64D9D8C8D020}
	EndGlobalSection
EndGlobal
