
Microsoft Visual Studio Solution File, Format Version 12.00
# Visual Studio Version 17
VisualStudioVersion = 17.9.34616.47
MinimumVisualStudioVersion = 10.0.40219.1
Project("{FAE04EC0-301F-11D3-BF4B-00C04F79EFBC}") = "WebServer", "WebServer\WebServer.csproj", "{B3ECFA05-EF4D-4EE6-9F99-3BE0EE4BBFAA}"
EndProject
Global
	GlobalSection(SolutionConfigurationPlatforms) = preSolution
		Debug|Any CPU = Debug|Any CPU
		Release|Any CPU = Release|Any CPU
	EndGlobalSection
	GlobalSection(ProjectConfigurationPlatforms) = postSolution
		{B3ECFA05-EF4D-4EE6-9F99-3BE0EE4BBFAA}.Debug|Any CPU.ActiveCfg = Debug|Any CPU
		{B3ECFA05-EF4D-4EE6-9F99-3BE0EE4BBFAA}.Debug|Any CPU.Build.0 = Debug|Any CPU
		{B3ECFA05-EF4D-4EE6-9F99-3BE0EE4BBFAA}.Release|Any CPU.ActiveCfg = Release|Any CPU
		{B3ECFA05-EF4D-4EE6-9F99-3BE0EE4BBFAA}.Release|Any CPU.Build.0 = Release|Any CPU
	EndGlobalSection
	GlobalSection(SolutionProperties) = preSolution
		HideSolutionNode = FALSE
	EndGlobalSection
	GlobalSection(ExtensibilityGlobals) = postSolution
		SolutionGuid = {6CDED39E-98CF-4B02-95F9-DDB1058F071E}
	EndGlobalSection
EndGlobal
