
Microsoft Visual Studio Solution File, Format Version 12.00
# Visual Studio Version 17
VisualStudioVersion = 17.9.34616.47
MinimumVisualStudioVersion = 10.0.40219.1
Project("{9A19103F-16F7-4668-BE54-9A1E7A4F7556}") = "WebServer", "WebServer\WebServer.csproj", "{11EAECC3-1E04-486C-93D7-16503B72F60C}"
EndProject
Project("{9A19103F-16F7-4668-BE54-9A1E7A4F7556}") = "Common", "Common\Common.csproj", "{4AE0F50D-5B3A-4CC3-81F8-A3E74D6C3876}"
EndProject
Project("{9A19103F-16F7-4668-BE54-9A1E7A4F7556}") = "Redirector", "Redirector\Redirector.csproj", "{F1A62995-9161-41B1-8A70-6CFB24A73834}"
EndProject
Global
	GlobalSection(SolutionConfigurationPlatforms) = preSolution
		Debug|Any CPU = Debug|Any CPU
		Release|Any CPU = Release|Any CPU
	EndGlobalSection
	GlobalSection(ProjectConfigurationPlatforms) = postSolution
		{11EAECC3-1E04-486C-93D7-16503B72F60C}.Debug|Any CPU.ActiveCfg = Debug|Any CPU
		{11EAECC3-1E04-486C-93D7-16503B72F60C}.Debug|Any CPU.Build.0 = Debug|Any CPU
		{11EAECC3-1E04-486C-93D7-16503B72F60C}.Release|Any CPU.ActiveCfg = Release|Any CPU
		{11EAECC3-1E04-486C-93D7-16503B72F60C}.Release|Any CPU.Build.0 = Release|Any CPU
		{4AE0F50D-5B3A-4CC3-81F8-A3E74D6C3876}.Debug|Any CPU.ActiveCfg = Debug|Any CPU
		{4AE0F50D-5B3A-4CC3-81F8-A3E74D6C3876}.Debug|Any CPU.Build.0 = Debug|Any CPU
		{4AE0F50D-5B3A-4CC3-81F8-A3E74D6C3876}.Release|Any CPU.ActiveCfg = Release|Any CPU
		{4AE0F50D-5B3A-4CC3-81F8-A3E74D6C3876}.Release|Any CPU.Build.0 = Release|Any CPU
		{F1A62995-9161-41B1-8A70-6CFB24A73834}.Debug|Any CPU.ActiveCfg = Debug|Any CPU
		{F1A62995-9161-41B1-8A70-6CFB24A73834}.Debug|Any CPU.Build.0 = Debug|Any CPU
		{F1A62995-9161-41B1-8A70-6CFB24A73834}.Release|Any CPU.ActiveCfg = Release|Any CPU
		{F1A62995-9161-41B1-8A70-6CFB24A73834}.Release|Any CPU.Build.0 = Release|Any CPU
	EndGlobalSection
	GlobalSection(SolutionProperties) = preSolution
		HideSolutionNode = FALSE
	EndGlobalSection
	GlobalSection(ExtensibilityGlobals) = postSolution
		SolutionGuid = {2EA8F2CA-8739-4F13-888C-8ED9D56096B6}
	EndGlobalSection
EndGlobal
